// !$*UTF8*$!
{
	archiveVersion = 1;
	classes = {
	};
	objectVersion = 50;
	objects = {

/* Begin PBXBuildFile section */
		775BF54B22987EFB00A571CE /* AppDelegate.swift in Sources */ = {isa = PBXBuildFile; fileRef = 775BF54A22987EFB00A571CE /* AppDelegate.swift */; };
		775BF54D22987EFB00A571CE /* ViewController.swift in Sources */ = {isa = PBXBuildFile; fileRef = 775BF54C22987EFB00A571CE /* ViewController.swift */; };
		775BF55022987EFB00A571CE /* Main.storyboard in Resources */ = {isa = PBXBuildFile; fileRef = 775BF54E22987EFB00A571CE /* Main.storyboard */; };
		775BF55222987EFC00A571CE /* Assets.xcassets in Resources */ = {isa = PBXBuildFile; fileRef = 775BF55122987EFC00A571CE /* Assets.xcassets */; };
		775BF55522987EFC00A571CE /* LaunchScreen.storyboard in Resources */ = {isa = PBXBuildFile; fileRef = 775BF55322987EFC00A571CE /* LaunchScreen.storyboard */; };
		775BF55D22987F6E00A571CE /* TableViewAdapter.swift in Sources */ = {isa = PBXBuildFile; fileRef = 775BF55C22987F6E00A571CE /* TableViewAdapter.swift */; };
		775BF566229887C500A571CE /* TableCell.swift in Sources */ = {isa = PBXBuildFile; fileRef = 775BF564229887C500A571CE /* TableCell.swift */; };
		775BF567229887C500A571CE /* TableCell.xib in Resources */ = {isa = PBXBuildFile; fileRef = 775BF565229887C500A571CE /* TableCell.xib */; };
/* End PBXBuildFile section */

/* Begin PBXFileReference section */
		775BF54722987EFB00A571CE /* TableViewAdapter.app */ = {isa = PBXFileReference; explicitFileType = wrapper.application; includeInIndex = 0; path = TableViewAdapter.app; sourceTree = BUILT_PRODUCTS_DIR; };
		775BF54A22987EFB00A571CE /* AppDelegate.swift */ = {isa = PBXFileReference; lastKnownFileType = sourcecode.swift; path = AppDelegate.swift; sourceTree = "<group>"; };
		775BF54C22987EFB00A571CE /* ViewController.swift */ = {isa = PBXFileReference; lastKnownFileType = sourcecode.swift; path = ViewController.swift; sourceTree = "<group>"; };
		775BF54F22987EFB00A571CE /* Base */ = {isa = PBXFileReference; lastKnownFileType = file.storyboard; name = Base; path = Base.lproj/Main.storyboard; sourceTree = "<group>"; };
		775BF55122987EFC00A571CE /* Assets.xcassets */ = {isa = PBXFileReference; lastKnownFileType = folder.assetcatalog; path = Assets.xcassets; sourceTree = "<group>"; };
		775BF55422987EFC00A571CE /* Base */ = {isa = PBXFileReference; lastKnownFileType = file.storyboard; name = Base; path = Base.lproj/LaunchScreen.storyboard; sourceTree = "<group>"; };
		775BF55622987EFC00A571CE /* Info.plist */ = {isa = PBXFileReference; lastKnownFileType = text.plist.xml; path = Info.plist; sourceTree = "<group>"; };
		775BF55C22987F6E00A571CE /* TableViewAdapter.swift */ = {isa = PBXFileReference; lastKnownFileType = sourcecode.swift; path = TableViewAdapter.swift; sourceTree = "<group>"; };
		775BF564229887C500A571CE /* TableCell.swift */ = {isa = PBXFileReference; lastKnownFileType = sourcecode.swift; path = TableCell.swift; sourceTree = "<group>"; };
		775BF565229887C500A571CE /* TableCell.xib */ = {isa = PBXFileReference; lastKnownFileType = file.xib; path = TableCell.xib; sourceTree = "<group>"; };
/* End PBXFileReference section */

/* Begin PBXFrameworksBuildPhase section */
		775BF54422987EFB00A571CE /* Frameworks */ = {
			isa = PBXFrameworksBuildPhase;
			buildActionMask = 2147483647;
			files = (
			);
			runOnlyForDeploymentPostprocessing = 0;
		};
/* End PBXFrameworksBuildPhase section */

/* Begin PBXGroup section */
		775BF53E22987EFB00A571CE = {
			isa = PBXGroup;
			children = (
				775BF54922987EFB00A571CE /* TableViewAdapter */,
				775BF54822987EFB00A571CE /* Products */,
			);
			sourceTree = "<group>";
		};
		775BF54822987EFB00A571CE /* Products */ = {
			isa = PBXGroup;
			children = (
				775BF54722987EFB00A571CE /* TableViewAdapter.app */,
			);
			name = Products;
			sourceTree = "<group>";
		};
		775BF54922987EFB00A571CE /* TableViewAdapter */ = {
			isa = PBXGroup;
			children = (
				775BF56022987FAA00A571CE /* SupportFiles */,
				775BF55E22987F8400A571CE /* UserInterface */,
				775BF55F22987F9A00A571CE /* Controllers */,
				775BF56122987FBE00A571CE /* Tableview Adapter */,
				775BF55622987EFC00A571CE /* Info.plist */,
			);
			path = TableViewAdapter;
			sourceTree = "<group>";
		};
		775BF55E22987F8400A571CE /* UserInterface */ = {
			isa = PBXGroup;
			children = (
				775BF563229887A100A571CE /* StoryBoards */,
				775BF5622298879B00A571CE /* Cells */,
			);
			path = UserInterface;
			sourceTree = "<group>";
		};
		775BF55F22987F9A00A571CE /* Controllers */ = {
			isa = PBXGroup;
			children = (
				775BF54C22987EFB00A571CE /* ViewController.swift */,
			);
			path = Controllers;
			sourceTree = "<group>";
		};
		775BF56022987FAA00A571CE /* SupportFiles */ = {
			isa = PBXGroup;
			children = (
				775BF54A22987EFB00A571CE /* AppDelegate.swift */,
				775BF55122987EFC00A571CE /* Assets.xcassets */,
			);
			path = SupportFiles;
			sourceTree = "<group>";
		};
		775BF56122987FBE00A571CE /* Tableview Adapter */ = {
			isa = PBXGroup;
			children = (
				775BF55C22987F6E00A571CE /* TableViewAdapter.swift */,
			);
			path = "Tableview Adapter";
			sourceTree = "<group>";
		};
		775BF5622298879B00A571CE /* Cells */ = {
			isa = PBXGroup;
			children = (
				775BF564229887C500A571CE /* TableCell.swift */,
				775BF565229887C500A571CE /* TableCell.xib */,
			);
			path = Cells;
			sourceTree = "<group>";
		};
		775BF563229887A100A571CE /* StoryBoards */ = {
			isa = PBXGroup;
			children = (
				775BF54E22987EFB00A571CE /* Main.storyboard */,
				775BF55322987EFC00A571CE /* LaunchScreen.storyboard */,
			);
			path = StoryBoards;
			sourceTree = "<group>";
		};
/* End PBXGroup section */

/* Begin PBXNativeTarget section */
		775BF54622987EFB00A571CE /* TableViewAdapter */ = {
			isa = PBXNativeTarget;
			buildConfigurationList = 775BF55922987EFC00A571CE /* Build configuration list for PBXNativeTarget "TableViewAdapter" */;
			buildPhases = (
				775BF54322987EFB00A571CE /* Sources */,
				775BF54422987EFB00A571CE /* Frameworks */,
				775BF54522987EFB00A571CE /* Resources */,
			);
			buildRules = (
			);
			dependencies = (
			);
			name = TableViewAdapter;
			productName = TableViewAdapter;
			productReference = 775BF54722987EFB00A571CE /* TableViewAdapter.app */;
			productType = "com.apple.product-type.application";
		};
/* End PBXNativeTarget section */

/* Begin PBXProject section */
		775BF53F22987EFB00A571CE /* Project object */ = {
			isa = PBXProject;
			attributes = {
				LastSwiftUpdateCheck = 1020;
				LastUpgradeCheck = 1020;
				ORGANIZATIONNAME = "Usama Jamil";
				TargetAttributes = {
					775BF54622987EFB00A571CE = {
						CreatedOnToolsVersion = 10.2;
					};
				};
			};
			buildConfigurationList = 775BF54222987EFB00A571CE /* Build configuration list for PBXProject "TableViewAdapter" */;
			compatibilityVersion = "Xcode 9.3";
			developmentRegion = en;
			hasScannedForEncodings = 0;
			knownRegions = (
				en,
				Base,
			);
			mainGroup = 775BF53E22987EFB00A571CE;
			productRefGroup = 775BF54822987EFB00A571CE /* Products */;
			projectDirPath = "";
			projectRoot = "";
			targets = (
				775BF54622987EFB00A571CE /* TableViewAdapter */,
			);
		};
/* End PBXProject section */

/* Begin PBXResourcesBuildPhase section */
		775BF54522987EFB00A571CE /* Resources */ = {
			isa = PBXResourcesBuildPhase;
			buildActionMask = 2147483647;
			files = (
				775BF55522987EFC00A571CE /* LaunchScreen.storyboard in Resources */,
				775BF55222987EFC00A571CE /* Assets.xcassets in Resources */,
				775BF567229887C500A571CE /* TableCell.xib in Resources */,
				775BF55022987EFB00A571CE /* Main.storyboard in Resources */,
			);
			runOnlyForDeploymentPostprocessing = 0;
		};
/* End PBXResourcesBuildPhase section */

/* Begin PBXSourcesBuildPhase section */
		775BF54322987EFB00A571CE /* Sources */ = {
			isa = PBXSourcesBuildPhase;
			buildActionMask = 2147483647;
			files = (
				775BF54D22987EFB00A571CE /* ViewController.swift in Sources */,
				775BF54B22987EFB00A571CE /* AppDelegate.swift in Sources */,
				775BF566229887C500A571CE /* TableCell.swift in Sources */,
				775BF55D22987F6E00A571CE /* TableViewAdapter.swift in Sources */,
			);
			runOnlyForDeploymentPostprocessing = 0;
		};
/* End PBXSourcesBuildPhase section */

/* Begin PBXVariantGroup section */
		775BF54E22987EFB00A571CE /* Main.storyboard */ = {
			isa = PBXVariantGroup;
			children = (
				775BF54F22987EFB00A571CE /* Base */,
			);
			name = Main.storyboard;
			sourceTree = "<group>";
		};
		775BF55322987EFC00A571CE /* LaunchScreen.storyboard */ = {
			isa = PBXVariantGroup;
			children = (
				775BF55422987EFC00A571CE /* Base */,
			);
			name = LaunchScreen.storyboard;
			sourceTree = "<group>";
		};
/* End PBXVariantGroup section */

/* Begin XCBuildConfiguration section */
		775BF55722987EFC00A571CE /* Debug */ = {
			isa = XCBuildConfiguration;
			buildSettings = {
				ALWAYS_SEARCH_USER_PATHS = NO;
				CLANG_ANALYZER_NONNULL = YES;
				CLANG_ANALYZER_NUMBER_OBJECT_CONVERSION = YES_AGGRESSIVE;
				CLANG_CXX_LANGUAGE_STANDARD = "gnu++14";
				CLANG_CXX_LIBRARY = "libc++";
				CLANG_ENABLE_MODULES = YES;
				CLANG_ENABLE_OBJC_ARC = YES;
				CLANG_ENABLE_OBJC_WEAK = YES;
				CLANG_WARN_BLOCK_CAPTURE_AUTORELEASING = YES;
				CLANG_WARN_BOOL_CONVERSION = YES;
				CLANG_WARN_COMMA = YES;
				CLANG_WARN_CONSTANT_CONVERSION = YES;
				CLANG_WARN_DEPRECATED_OBJC_IMPLEMENTATIONS = YES;
				CLANG_WARN_DIRECT_OBJC_ISA_USAGE = YES_ERROR;
				CLANG_WARN_DOCUMENTATION_COMMENTS = YES;
				CLANG_WARN_EMPTY_BODY = YES;
				CLANG_WARN_ENUM_CONVERSION = YES;
				CLANG_WARN_INFINITE_RECURSION = YES;
				CLANG_WARN_INT_CONVERSION = YES;
				CLANG_WARN_NON_LITERAL_NULL_CONVERSION = YES;
				CLANG_WARN_OBJC_IMPLICIT_RETAIN_SELF = YES;
				CLANG_WARN_OBJC_LITERAL_CONVERSION = YES;
				CLANG_WARN_OBJC_ROOT_CLASS = YES_ERROR;
				CLANG_WARN_RANGE_LOOP_ANALYSIS = YES;
				CLANG_WARN_STRICT_PROTOTYPES = YES;
				CLANG_WARN_SUSPICIOUS_MOVE = YES;
				CLANG_WARN_UNGUARDED_AVAILABILITY = YES_AGGRESSIVE;
				CLANG_WARN_UNREACHABLE_CODE = YES;
				CLANG_WARN__DUPLICATE_METHOD_MATCH = YES;
				CODE_SIGN_IDENTITY = "iPhone Developer";
				COPY_PHASE_STRIP = NO;
				DEBUG_INFORMATION_FORMAT = dwarf;
				ENABLE_STRICT_OBJC_MSGSEND = YES;
				ENABLE_TESTABILITY = YES;
				GCC_C_LANGUAGE_STANDARD = gnu11;
				GCC_DYNAMIC_NO_PIC = NO;
				GCC_NO_COMMON_BLOCKS = YES;
				GCC_OPTIMIZATION_LEVEL = 0;
				GCC_PREPROCESSOR_DEFINITIONS = (
					"DEBUG=1",
					"$(inherited)",
				);
				GCC_WARN_64_TO_32_BIT_CONVERSION = YES;
				GCC_WARN_ABOUT_RETURN_TYPE = YES_ERROR;
				GCC_WARN_UNDECLARED_SELECTOR = YES;
				GCC_WARN_UNINITIALIZED_AUTOS = YES_AGGRESSIVE;
				GCC_WARN_UNUSED_FUNCTION = YES;
				GCC_WARN_UNUSED_VARIABLE = YES;
				IPHONEOS_DEPLOYMENT_TARGET = 12.2;
				MTL_ENABLE_DEBUG_INFO = INCLUDE_SOURCE;
				MTL_FAST_MATH = YES;
				ONLY_ACTIVE_ARCH = YES;
				SDKROOT = iphoneos;
				SWIFT_ACTIVE_COMPILATION_CONDITIONS = DEBUG;
				SWIFT_OPTIMIZATION_LEVEL = "-Onone";
			};
			name = Debug;
		};
		775BF55822987EFC00A571CE /* Release */ = {
			isa = XCBuildConfiguration;
			buildSettings = {
				ALWAYS_SEARCH_USER_PATHS = NO;
				CLANG_ANALYZER_NONNULL = YES;
				CLANG_ANALYZER_NUMBER_OBJECT_CONVERSION = YES_AGGRESSIVE;
				CLANG_CXX_LANGUAGE_STANDARD = "gnu++14";
				CLANG_CXX_LIBRARY = "libc++";
				CLANG_ENABLE_MODULES = YES;
				CLANG_ENABLE_OBJC_ARC = YES;
				CLANG_ENABLE_OBJC_WEAK = YES;
				CLANG_WARN_BLOCK_CAPTURE_AUTORELEASING = YES;
				CLANG_WARN_BOOL_CONVERSION = YES;
				CLANG_WARN_COMMA = YES;
				CLANG_WARN_CONSTANT_CONVERSION = YES;
				CLANG_WARN_DEPRECATED_OBJC_IMPLEMENTATIONS = YES;
				CLANG_WARN_DIRECT_OBJC_ISA_USAGE = YES_ERROR;
				CLANG_WARN_DOCUMENTATION_COMMENTS = YES;
				CLANG_WARN_EMPTY_BODY = YES;
				CLANG_WARN_ENUM_CONVERSION = YES;
				CLANG_WARN_INFINITE_RECURSION = YES;
				CLANG_WARN_INT_CONVERSION = YES;
				CLANG_WARN_NON_LITERAL_NULL_CONVERSION = YES;
				CLANG_WARN_OBJC_IMPLICIT_RETAIN_SELF = YES;
				CLANG_WARN_OBJC_LITERAL_CONVERSION = YES;
				CLANG_WARN_OBJC_ROOT_CLASS = YES_ERROR;
				CLANG_WARN_RANGE_LOOP_ANALYSIS = YES;
				CLANG_WARN_STRICT_PROTOTYPES = YES;
				CLANG_WARN_SUSPICIOUS_MOVE = YES;
				CLANG_WARN_UNGUARDED_AVAILABILITY = YES_AGGRESSIVE;
				CLANG_WARN_UNREACHABLE_CODE = YES;
				CLANG_WARN__DUPLICATE_METHOD_MATCH = YES;
				CODE_SIGN_IDENTITY = "iPhone Developer";
				COPY_PHASE_STRIP = NO;
				DEBUG_INFORMATION_FORMAT = "dwarf-with-dsym";
				ENABLE_NS_ASSERTIONS = NO;
				ENABLE_STRICT_OBJC_MSGSEND = YES;
				GCC_C_LANGUAGE_STANDARD = gnu11;
				GCC_NO_COMMON_BLOCKS = YES;
				GCC_WARN_64_TO_32_BIT_CONVERSION = YES;
				GCC_WARN_ABOUT_RETURN_TYPE = YES_ERROR;
				GCC_WARN_UNDECLARED_SELECTOR = YES;
				GCC_WARN_UNINITIALIZED_AUTOS = YES_AGGRESSIVE;
				GCC_WARN_UNUSED_FUNCTION = YES;
				GCC_WARN_UNUSED_VARIABLE = YES;
				IPHONEOS_DEPLOYMENT_TARGET = 12.2;
				MTL_ENABLE_DEBUG_INFO = NO;
				MTL_FAST_MATH = YES;
				SDKROOT = iphoneos;
				SWIFT_COMPILATION_MODE = wholemodule;
				SWIFT_OPTIMIZATION_LEVEL = "-O";
				VALIDATE_PRODUCT = YES;
			};
			name = Release;
		};
		775BF55A22987EFC00A571CE /* Debug */ = {
			isa = XCBuildConfiguration;
			buildSettings = {
				ASSETCATALOG_COMPILER_APPICON_NAME = AppIcon;
				CODE_SIGN_STYLE = Automatic;
				DEVELOPMENT_TEAM = TKFP4KASPX;
				INFOPLIST_FILE = TableViewAdapter/Info.plist;
				LD_RUNPATH_SEARCH_PATHS = (
					"$(inherited)",
					"@executable_path/Frameworks",
				);
				PRODUCT_BUNDLE_IDENTIFIER = tech.TableViewAdapter;
				PRODUCT_NAME = "$(TARGET_NAME)";
				SWIFT_VERSION = 5.0;
				TARGETED_DEVICE_FAMILY = "1,2";
			};
			name = Debug;
		};
		775BF55B22987EFC00A571CE /* Release */ = {
			isa = XCBuildConfiguration;
			buildSettings = {
				ASSETCATALOG_COMPILER_APPICON_NAME = AppIcon;
				CODE_SIGN_STYLE = Automatic;
				DEVELOPMENT_TEAM = TKFP4KASPX;
				INFOPLIST_FILE = TableViewAdapter/Info.plist;
				LD_RUNPATH_SEARCH_PATHS = (
					"$(inherited)",
					"@executable_path/Frameworks",
				);
				PRODUCT_BUNDLE_IDENTIFIER = tech.TableViewAdapter;
				PRODUCT_NAME = "$(TARGET_NAME)";
				SWIFT_VERSION = 5.0;
				TARGETED_DEVICE_FAMILY = "1,2";
			};
			name = Release;
		};
/* End XCBuildConfiguration section */

/* Begin XCConfigurationList section */
		775BF54222987EFB00A571CE /* Build configuration list for PBXProject "TableViewAdapter" */ = {
			isa = XCConfigurationList;
			buildConfigurations = (
				775BF55722987EFC00A571CE /* Debug */,
				775BF55822987EFC00A571CE /* Release */,
			);
			defaultConfigurationIsVisible = 0;
			defaultConfigurationName = Release;
		};
		775BF55922987EFC00A571CE /* Build configuration list for PBXNativeTarget "TableViewAdapter" */ = {
			isa = XCConfigurationList;
			buildConfigurations = (
				775BF55A22987EFC00A571CE /* Debug */,
				775BF55B22987EFC00A571CE /* Release */,
			);
			defaultConfigurationIsVisible = 0;
			defaultConfigurationName = Release;
		};
/* End XCConfigurationList section */
	};
	rootObject = 775BF53F22987EFB00A571CE /* Project object */;
}
